<?xml version="1.0" encoding="utf-8"?>
<Project ToolsVersion="4.0" xmlns="http://schemas.microsoft.com/developer/msbuild/2003">
  <ItemGroup>
    <Filter Include="Source Files">
      <UniqueIdentifier>{4FC737F1-C7A5-4376-A066-2A32D752A2FF}</UniqueIdentifier>
      <Extensions>cpp;c;cc;cxx;def;odl;idl;hpj;bat;asm;asmx</Extensions>
    </Filter>
    <Filter Include="Source Files\Engine">
      <UniqueIdentifier>{ccdbdf11-c381-4f92-bf67-ba05fce45ca0}</UniqueIdentifier>
    </Filter>
    <Filter Include="Source Files\Engine\Public">
      <UniqueIdentifier>{75c2830e-ea9b-4f39-a9f0-30582628d811}</UniqueIdentifier>
    </Filter>
    <Filter Include="Source Files\Game">
      <UniqueIdentifier>{3f73a39c-59f6-4cb6-a0b8-d251275c643c}</UniqueIdentifier>
    </Filter>
    <Filter Include="Source Files\Game\Public">
      <UniqueIdentifier>{6dcd4022-feb1-45d9-a4a5-3b9cee46ecd8}</UniqueIdentifier>
    </Filter>
    <Filter Include="Source Files\Game\Private">
      <UniqueIdentifier>{9e4c503e-26a9-484b-be5c-d94f35576fc3}</UniqueIdentifier>
    </Filter>
    <Filter Include="Source Files\Game\Private\GameObjects">
      <UniqueIdentifier>{af7f076f-5077-48c0-95e5-93db6bf0d3e6}</UniqueIdentifier>
    </Filter>
    <Filter Include="Source Files\Game\Private\Components">
      <UniqueIdentifier>{efd9ecee-1dbb-4ac4-a479-b54f056e7182}</UniqueIdentifier>
    </Filter>
    <Filter Include="Source Files\Game\Private\Utilities">
      <UniqueIdentifier>{ffc0e0bb-3a45-494a-b148-b5a895594627}</UniqueIdentifier>
    </Filter>
    <Filter Include="Source Files\Game\Private\Managers">
      <UniqueIdentifier>{ef84f5bb-3175-43b5-a583-69802b7b93a0}</UniqueIdentifier>
    </Filter>
    <Filter Include="Source Files\Game\Public\GameObjects">
      <UniqueIdentifier>{1e51866f-391b-4c48-93d4-b79dd410ba74}</UniqueIdentifier>
    </Filter>
    <Filter Include="Source Files\Game\Public\Components">
      <UniqueIdentifier>{f6b917e7-c4bf-4833-87da-c70b4443287f}</UniqueIdentifier>
    </Filter>
    <Filter Include="Source Files\Game\Public\Managers">
      <UniqueIdentifier>{5efc0ddc-1229-4d2d-9c23-11995e67be7e}</UniqueIdentifier>
    </Filter>
    <Filter Include="Source Files\Game\Public\Utilites">
      <UniqueIdentifier>{17ca136c-22a5-4242-ad98-26e7ea382185}</UniqueIdentifier>
    </Filter>
  </ItemGroup>
  <ItemGroup>
    <ClInclude Include="Engine\Public\EngineInterface.h">
      <Filter>Source Files\Engine\Public</Filter>
    </ClInclude>
    <ClInclude Include="Engine\Public\EngineTypes.h">
      <Filter>Source Files\Engine\Public</Filter>
    </ClInclude>
    <ClInclude Include="Engine\Public\SDL.h">
      <Filter>Source Files\Engine\Public</Filter>
    </ClInclude>
    <ClInclude Include="BoxComponent.h">
      <Filter>Source Files\Game\Public\Components</Filter>
    </ClInclude>
    <ClInclude Include="CircleComponent.h">
      <Filter>Source Files\Game\Public\Components</Filter>
    </ClInclude>
    <ClInclude Include="Component.h">
      <Filter>Source Files\Game\Public\Components</Filter>
    </ClInclude>
    <ClInclude Include="Bounds.h">
      <Filter>Source Files\Game\Public\Utilites</Filter>
    </ClInclude>
    <ClInclude Include="Game\Private\exVector3.h">
      <Filter>Source Files\Game\Public\Utilites</Filter>
    </ClInclude>
    <ClInclude Include="Game\Public\GameInterface.h">
      <Filter>Source Files\Game\Public\Utilites</Filter>
    </ClInclude>
    <ClInclude Include="GameObject.h">
      <Filter>Source Files\Game\Public\Utilites</Filter>
    </ClInclude>
    <ClInclude Include="Game\Private\Input.h">
      <Filter>Source Files\Game\Public\Utilites</Filter>
    </ClInclude>
    <ClInclude Include="IPhysicsCollisionEvent.h">
      <Filter>Source Files\Game\Public\Utilites</Filter>
    </ClInclude>
    <ClInclude Include="PhysicsComponent.h">
      <Filter>Source Files\Game\Public\Components</Filter>
    </ClInclude>
    <ClInclude Include="Game\Private\Player.h">
      <Filter>Source Files\Game\Public\GameObjects</Filter>
    </ClInclude>
    <ClInclude Include="Game\Private\PlayerManager.h">
      <Filter>Source Files\Game\Public\Managers</Filter>
    </ClInclude>
    <ClInclude Include="ShapeComponent.h">
      <Filter>Source Files\Game\Public\Components</Filter>
    </ClInclude>
    <ClInclude Include="Transform.h">
      <Filter>Source Files\Game\Public\Components</Filter>
    </ClInclude>
    <ClInclude Include="Game\Private\Utils.h">
      <Filter>Source Files\Game\Public\Utilites</Filter>
    </ClInclude>
    <ClInclude Include="AttackComponent.h">
      <Filter>Source Files\Game\Public\Components</Filter>
    </ClInclude>
    <ClInclude Include="ControllerComponent.h">
      <Filter>Source Files\Game\Public\Components</Filter>
    </ClInclude>
    <ClInclude Include="HealthComponent.h">
      <Filter>Source Files\Game\Public\Components</Filter>
    </ClInclude>
    <ClInclude Include="PlayerController.h">
      <Filter>Source Files\Game\Public\Components</Filter>
    </ClInclude>
    <ClInclude Include="ReticleController.h">
      <Filter>Source Files\Game\Public\Components</Filter>
    </ClInclude>
    <ClInclude Include="TextComponent.h">
      <Filter>Source Files\Game\Public\Components</Filter>
    </ClInclude>
    <ClInclude Include="EnemyShip.h">
      <Filter>Source Files\Game\Public\GameObjects</Filter>
    </ClInclude>
    <ClInclude Include="Projectile.h">
      <Filter>Source Files\Game\Public\GameObjects</Filter>
    </ClInclude>
    <ClInclude Include="RestartText.h">
      <Filter>Source Files\Game\Public\GameObjects</Filter>
    </ClInclude>
    <ClInclude Include="Reticle.h">
      <Filter>Source Files\Game\Public\GameObjects</Filter>
    </ClInclude>
    <ClInclude Include="Score.h">
      <Filter>Source Files\Game\Public\GameObjects</Filter>
    </ClInclude>
    <ClInclude Include="ShipWing.h">
      <Filter>Source Files\Game\Public\GameObjects</Filter>
    </ClInclude>
    <ClInclude Include="Skybox.h">
      <Filter>Source Files\Game\Public\GameObjects</Filter>
    </ClInclude>
    <ClInclude Include="Star.h">
      <Filter>Source Files\Game\Public\GameObjects</Filter>
    </ClInclude>
    <ClInclude Include="Timer.h">
      <Filter>Source Files\Game\Public\GameObjects</Filter>
    </ClInclude>
    <ClInclude Include="BoundsBorderGenerator.h">
      <Filter>Source Files\Game\Public\Utilites</Filter>
    </ClInclude>
    <ClInclude Include="EnemyShipManager.h">
      <Filter>Source Files\Game\Public\Managers</Filter>
    </ClInclude>
    <ClInclude Include="GameObjectManager.h">
      <Filter>Source Files\Game\Public\Managers</Filter>
    </ClInclude>
    <ClInclude Include="RenderManager.h">
      <Filter>Source Files\Game\Public\Managers</Filter>
    </ClInclude>
    <ClInclude Include="GameObjectHandle.h">
      <Filter>Source Files\Game\Public\Utilites</Filter>
    </ClInclude>
    <ClInclude Include="State.h">
      <Filter>Source Files\Game\Public\Utilites</Filter>
    </ClInclude>
  </ItemGroup>
  <ItemGroup>
    <ClCompile Include="Game\Private\Main.cpp">
      <Filter>Source Files\Game\Private</Filter>
    </ClCompile>
    <ClCompile Include="Game\Private\Game.cpp">
      <Filter>Source Files\Game\Private</Filter>
    </ClCompile>
    <ClCompile Include="GameObject.cpp">
      <Filter>Source Files\Game\Private</Filter>
    </ClCompile>
    <ClCompile Include="Game\Private\Player.cpp">
      <Filter>Source Files\Game\Private\GameObjects</Filter>
    </ClCompile>
    <ClCompile Include="EnemyShip.cpp">
      <Filter>Source Files\Game\Private\GameObjects</Filter>
    </ClCompile>
    <ClCompile Include="Projectile.cpp">
      <Filter>Source Files\Game\Private\GameObjects</Filter>
    </ClCompile>
    <ClCompile Include="RestartText.cpp">
      <Filter>Source Files\Game\Private\GameObjects</Filter>
    </ClCompile>
    <ClCompile Include="Reticle.cpp">
      <Filter>Source Files\Game\Private\GameObjects</Filter>
    </ClCompile>
    <ClCompile Include="Score.cpp">
      <Filter>Source Files\Game\Private\GameObjects</Filter>
    </ClCompile>
    <ClCompile Include="ShipWing.cpp">
      <Filter>Source Files\Game\Private\GameObjects</Filter>
    </ClCompile>
    <ClCompile Include="Skybox.cpp">
      <Filter>Source Files\Game\Private\GameObjects</Filter>
    </ClCompile>
    <ClCompile Include="Star.cpp">
      <Filter>Source Files\Game\Private\GameObjects</Filter>
    </ClCompile>
    <ClCompile Include="Timer.cpp">
      <Filter>Source Files\Game\Private\GameObjects</Filter>
    </ClCompile>
    <ClCompile Include="BoxComponent.cpp">
      <Filter>Source Files\Game\Private\Components</Filter>
    </ClCompile>
    <ClCompile Include="CircleComponent.cpp">
      <Filter>Source Files\Game\Private\Components</Filter>
    </ClCompile>
    <ClCompile Include="Component.cpp">
      <Filter>Source Files\Game\Private\Components</Filter>
    </ClCompile>
    <ClCompile Include="PhysicsComponent.cpp">
      <Filter>Source Files\Game\Private\Components</Filter>
    </ClCompile>
    <ClCompile Include="ShapeComponent.cpp">
      <Filter>Source Files\Game\Private\Components</Filter>
    </ClCompile>
    <ClCompile Include="Transform.cpp">
      <Filter>Source Files\Game\Private\Components</Filter>
    </ClCompile>
    <ClCompile Include="AttackComponent.cpp">
      <Filter>Source Files\Game\Private\Components</Filter>
    </ClCompile>
    <ClCompile Include="ControllerComponent.cpp">
      <Filter>Source Files\Game\Private\Components</Filter>
    </ClCompile>
    <ClCompile Include="HealthComponent.cpp">
      <Filter>Source Files\Game\Private\Components</Filter>
    </ClCompile>
    <ClCompile Include="ReticleController.cpp">
      <Filter>Source Files\Game\Private\Components</Filter>
    </ClCompile>
    <ClCompile Include="TextComponent.cpp">
      <Filter>Source Files\Game\Private\Components</Filter>
    </ClCompile>
    <ClCompile Include="Bounds.cpp">
      <Filter>Source Files\Game\Private\Utilities</Filter>
    </ClCompile>
    <ClCompile Include="Game\Private\exVector3.cpp">
      <Filter>Source Files\Game\Private\Utilities</Filter>
    </ClCompile>
    <ClCompile Include="GameObjectHandle.cpp">
      <Filter>Source Files\Game\Private\Utilities</Filter>
    </ClCompile>
    <ClCompile Include="State.cpp">
      <Filter>Source Files\Game\Private\Utilities</Filter>
    </ClCompile>
    <ClCompile Include="PlayerController.cpp">
      <Filter>Source Files\Game\Private\Components</Filter>
    </ClCompile>
    <ClCompile Include="Game\Private\PlayerManager.cpp">
      <Filter>Source Files\Game\Private\Managers</Filter>
    </ClCompile>
    <ClCompile Include="EnemyShipManager.cpp">
      <Filter>Source Files\Game\Private\Managers</Filter>
    </ClCompile>
    <ClCompile Include="GameObjectManager.cpp">
      <Filter>Source Files\Game\Private\Managers</Filter>
    </ClCompile>
    <ClCompile Include="RenderManager.cpp">
      <Filter>Source Files\Game\Private\Managers</Filter>
    </ClCompile>
    <ClCompile Include="BoundsBorderGenerator.cpp">
      <Filter>Source Files\Game\Private\Utilities</Filter>
    </ClCompile>
  </ItemGroup>
</Project>